// !$*UTF8*$!
{
	archiveVersion = 1;
	classes = {
	};
	objectVersion = 46;
	objects = {

/* Begin PBXBuildFile section */
		0709540F1D3CE0950057825C /* main.m in Sources */ = {isa = PBXBuildFile; fileRef = 0709540E1D3CE0950057825C /* main.m */; };
		070954121D3CE0950057825C /* AppDelegate.m in Sources */ = {isa = PBXBuildFile; fileRef = 070954111D3CE0950057825C /* AppDelegate.m */; };
		070954151D3CE0950057825C /* ViewController.m in Sources */ = {isa = PBXBuildFile; fileRef = 070954141D3CE0950057825C /* ViewController.m */; };
		070954181D3CE0950057825C /* Main.storyboard in Resources */ = {isa = PBXBuildFile; fileRef = 070954161D3CE0950057825C /* Main.storyboard */; };
		0709541A1D3CE0950057825C /* Assets.xcassets in Resources */ = {isa = PBXBuildFile; fileRef = 070954191D3CE0950057825C /* Assets.xcassets */; };
		0709541D1D3CE0950057825C /* LaunchScreen.storyboard in Resources */ = {isa = PBXBuildFile; fileRef = 0709541B1D3CE0950057825C /* LaunchScreen.storyboard */; };
		070954261D3CE16E0057825C /* PieGraphView.m in Sources */ = {isa = PBXBuildFile; fileRef = 070954251D3CE16E0057825C /* PieGraphView.m */; };
/* End PBXBuildFile section */

/* Begin PBXFileReference section */
		0709540A1D3CE0950057825C /* test_pieGraph.app */ = {isa = PBXFileReference; explicitFileType = wrapper.application; includeInIndex = 0; path = test_pieGraph.app; sourceTree = BUILT_PRODUCTS_DIR; };
		0709540E1D3CE0950057825C /* main.m */ = {isa = PBXFileReference; lastKnownFileType = sourcecode.c.objc; path = main.m; sourceTree = "<group>"; };
		070954101D3CE0950057825C /* AppDelegate.h */ = {isa = PBXFileReference; lastKnownFileType = sourcecode.c.h; path = AppDelegate.h; sourceTree = "<group>"; };
		070954111D3CE0950057825C /* AppDelegate.m */ = {isa = PBXFileReference; lastKnownFileType = sourcecode.c.objc; path = AppDelegate.m; sourceTree = "<group>"; };
		070954131D3CE0950057825C /* ViewController.h */ = {isa = PBXFileReference; lastKnownFileType = sourcecode.c.h; path = ViewController.h; sourceTree = "<group>"; };
		070954141D3CE0950057825C /* ViewController.m */ = {isa = PBXFileReference; lastKnownFileType = sourcecode.c.objc; path = ViewController.m; sourceTree = "<group>"; };
		070954171D3CE0950057825C /* Base */ = {isa = PBXFileReference; lastKnownFileType = file.storyboard; name = Base; path = Base.lproj/Main.storyboard; sourceTree = "<group>"; };
		070954191D3CE0950057825C /* Assets.xcassets */ = {isa = PBXFileReference; lastKnownFileType = folder.assetcatalog; path = Assets.xcassets; sourceTree = "<group>"; };
		0709541C1D3CE0950057825C /* Base */ = {isa = PBXFileReference; lastKnownFileType = file.storyboard; name = Base; path = Base.lproj/LaunchScreen.storyboard; sourceTree = "<group>"; };
		0709541E1D3CE0950057825C /* Info.plist */ = {isa = PBXFileReference; lastKnownFileType = text.plist.xml; path = Info.plist; sourceTree = "<group>"; };
		070954241D3CE16E0057825C /* PieGraphView.h */ = {isa = PBXFileReference; fileEncoding = 4; lastKnownFileType = sourcecode.c.h; path = PieGraphView.h; sourceTree = "<group>"; };
		070954251D3CE16E0057825C /* PieGraphView.m */ = {isa = PBXFileReference; fileEncoding = 4; lastKnownFileType = sourcecode.c.objc; path = PieGraphView.m; sourceTree = "<group>"; };
/* End PBXFileReference section */

/* Begin PBXFrameworksBuildPhase section */
		070954071D3CE0950057825C /* Frameworks */ = {
			isa = PBXFrameworksBuildPhase;
			buildActionMask = 2147483647;
			files = (
			);
			runOnlyForDeploymentPostprocessing = 0;
		};
/* End PBXFrameworksBuildPhase section */

/* Begin PBXGroup section */
		070954011D3CE0950057825C = {
			isa = PBXGroup;
			children = (
				0709540C1D3CE0950057825C /* test_pieGraph */,
				0709540B1D3CE0950057825C /* Products */,
			);
			sourceTree = "<group>";
		};
		0709540B1D3CE0950057825C /* Products */ = {
			isa = PBXGroup;
			children = (
				0709540A1D3CE0950057825C /* test_pieGraph.app */,
			);
			name = Products;
			sourceTree = "<group>";
		};
		0709540C1D3CE0950057825C /* test_pieGraph */ = {
			isa = PBXGroup;
			children = (
				070954101D3CE0950057825C /* AppDelegate.h */,
				070954111D3CE0950057825C /* AppDelegate.m */,
				070954131D3CE0950057825C /* ViewController.h */,
				070954141D3CE0950057825C /* ViewController.m */,
				070954241D3CE16E0057825C /* PieGraphView.h */,
				070954251D3CE16E0057825C /* PieGraphView.m */,
				070954161D3CE0950057825C /* Main.storyboard */,
				070954191D3CE0950057825C /* Assets.xcassets */,
				0709541B1D3CE0950057825C /* LaunchScreen.storyboard */,
				0709541E1D3CE0950057825C /* Info.plist */,
				0709540D1D3CE0950057825C /* Supporting Files */,
			);
			path = test_pieGraph;
			sourceTree = "<group>";
		};
		0709540D1D3CE0950057825C /* Supporting Files */ = {
			isa = PBXGroup;
			children = (
				0709540E1D3CE0950057825C /* main.m */,
			);
			name = "Supporting Files";
			sourceTree = "<group>";
		};
/* End PBXGroup section */

/* Begin PBXNativeTarget section */
		070954091D3CE0950057825C /* test_pieGraph */ = {
			isa = PBXNativeTarget;
			buildConfigurationList = 070954211D3CE0950057825C /* Build configuration list for PBXNativeTarget "test_pieGraph" */;
			buildPhases = (
				070954061D3CE0950057825C /* Sources */,
				070954071D3CE0950057825C /* Frameworks */,
				070954081D3CE0950057825C /* Resources */,
			);
			buildRules = (
			);
			dependencies = (
			);
			name = test_pieGraph;
			productName = test_pieGraph;
			productReference = 0709540A1D3CE0950057825C /* test_pieGraph.app */;
			productType = "com.apple.product-type.application";
		};
/* End PBXNativeTarget section */

/* Begin PBXProject section */
		070954021D3CE0950057825C /* Project object */ = {
			isa = PBXProject;
			attributes = {
				LastUpgradeCheck = 0730;
				ORGANIZATIONNAME = ericoda;
				TargetAttributes = {
					070954091D3CE0950057825C = {
						CreatedOnToolsVersion = 7.3;
					};
				};
			};
			buildConfigurationList = 070954051D3CE0950057825C /* Build configuration list for PBXProject "test_pieGraph" */;
			compatibilityVersion = "Xcode 3.2";
			developmentRegion = English;
			hasScannedForEncodings = 0;
			knownRegions = (
				en,
				Base,
			);
			mainGroup = 070954011D3CE0950057825C;
			productRefGroup = 0709540B1D3CE0950057825C /* Products */;
			projectDirPath = "";
			projectRoot = "";
			targets = (
				070954091D3CE0950057825C /* test_pieGraph */,
			);
		};
/* End PBXProject section */

/* Begin PBXResourcesBuildPhase section */
		070954081D3CE0950057825C /* Resources */ = {
			isa = PBXResourcesBuildPhase;
			buildActionMask = 2147483647;
			files = (
				0709541D1D3CE0950057825C /* LaunchScreen.storyboard in Resources */,
				0709541A1D3CE0950057825C /* Assets.xcassets in Resources */,
				070954181D3CE0950057825C /* Main.storyboard in Resources */,
			);
			runOnlyForDeploymentPostprocessing = 0;
		};
/* End PBXResourcesBuildPhase section */

/* Begin PBXSourcesBuildPhase section */
		070954061D3CE0950057825C /* Sources */ = {
			isa = PBXSourcesBuildPhase;
			buildActionMask = 2147483647;
			files = (
				070954261D3CE16E0057825C /* PieGraphView.m in Sources */,
				070954151D3CE0950057825C /* ViewController.m in Sources */,
				070954121D3CE0950057825C /* AppDelegate.m in Sources */,
				0709540F1D3CE0950057825C /* main.m in Sources */,
			);
			runOnlyForDeploymentPostprocessing = 0;
		};
/* End PBXSourcesBuildPhase section */

/* Begin PBXVariantGroup section */
		070954161D3CE0950057825C /* Main.storyboard */ = {
			isa = PBXVariantGroup;
			children = (
				070954171D3CE0950057825C /* Base */,
			);
			name = Main.storyboard;
			sourceTree = "<group>";
		};
		0709541B1D3CE0950057825C /* LaunchScreen.storyboard */ = {
			isa = PBXVariantGroup;
			children = (
				0709541C1D3CE0950057825C /* Base */,
			);
			name = LaunchScreen.storyboard;
			sourceTree = "<group>";
		};
/* End PBXVariantGroup section */

/* Begin XCBuildConfiguration section */
		0709541F1D3CE0950057825C /* Debug */ = {
			isa = XCBuildConfiguration;
			buildSettings = {
				ALWAYS_SEARCH_USER_PATHS = NO;
				CLANG_ANALYZER_NONNULL = YES;
				CLANG_CXX_LANGUAGE_STANDARD = "gnu++0x";
				CLANG_CXX_LIBRARY = "libc++";
				CLANG_ENABLE_MODULES = YES;
				CLANG_ENABLE_OBJC_ARC = YES;
				CLANG_WARN_BOOL_CONVERSION = YES;
				CLANG_WARN_CONSTANT_CONVERSION = YES;
				CLANG_WARN_DIRECT_OBJC_ISA_USAGE = YES_ERROR;
				CLANG_WARN_EMPTY_BODY = YES;
				CLANG_WARN_ENUM_CONVERSION = YES;
				CLANG_WARN_INT_CONVERSION = YES;
				CLANG_WARN_OBJC_ROOT_CLASS = YES_ERROR;
				CLANG_WARN_UNREACHABLE_CODE = YES;
				CLANG_WARN__DUPLICATE_METHOD_MATCH = YES;
				"CODE_SIGN_IDENTITY[sdk=iphoneos*]" = "iPhone Developer";
				COPY_PHASE_STRIP = NO;
				DEBUG_INFORMATION_FORMAT = dwarf;
				ENABLE_STRICT_OBJC_MSGSEND = YES;
				ENABLE_TESTABILITY = YES;
				GCC_C_LANGUAGE_STANDARD = gnu99;
				GCC_DYNAMIC_NO_PIC = NO;
				GCC_NO_COMMON_BLOCKS = YES;
				GCC_OPTIMIZATION_LEVEL = 0;
				GCC_PREPROCESSOR_DEFINITIONS = (
					"DEBUG=1",
					"$(inherited)",
				);
				GCC_WARN_64_TO_32_BIT_CONVERSION = YES;
				GCC_WARN_ABOUT_RETURN_TYPE = YES_ERROR;
				GCC_WARN_UNDECLARED_SELECTOR = YES;
				GCC_WARN_UNINITIALIZED_AUTOS = YES_AGGRESSIVE;
				GCC_WARN_UNUSED_FUNCTION = YES;
				GCC_WARN_UNUSED_VARIABLE = YES;
				IPHONEOS_DEPLOYMENT_TARGET = 9.3;
				MTL_ENABLE_DEBUG_INFO = YES;
				ONLY_ACTIVE_ARCH = YES;
				SDKROOT = iphoneos;
			};
			name = Debug;
		};
		070954201D3CE0950057825C /* Release */ = {
			isa = XCBuildConfiguration;
			buildSettings = {
				ALWAYS_SEARCH_USER_PATHS = NO;
				CLANG_ANALYZER_NONNULL = YES;
				CLANG_CXX_LANGUAGE_STANDARD = "gnu++0x";
				CLANG_CXX_LIBRARY = "libc++";
				CLANG_ENABLE_MODULES = YES;
				CLANG_ENABLE_OBJC_ARC = YES;
				CLANG_WARN_BOOL_CONVERSION = YES;
				CLANG_WARN_CONSTANT_CONVERSION = YES;
				CLANG_WARN_DIRECT_OBJC_ISA_USAGE = YES_ERROR;
				CLANG_WARN_EMPTY_BODY = YES;
				CLANG_WARN_ENUM_CONVERSION = YES;
				CLANG_WARN_INT_CONVERSION = YES;
				CLANG_WARN_OBJC_ROOT_CLASS = YES_ERROR;
				CLANG_WARN_UNREACHABLE_CODE = YES;
				CLANG_WARN__DUPLICATE_METHOD_MATCH = YES;
				"CODE_SIGN_IDENTITY[sdk=iphoneos*]" = "iPhone Developer";
				COPY_PHASE_STRIP = NO;
				DEBUG_INFORMATION_FORMAT = "dwarf-with-dsym";
				ENABLE_NS_ASSERTIONS = NO;
				ENABLE_STRICT_OBJC_MSGSEND = YES;
				GCC_C_LANGUAGE_STANDARD = gnu99;
				GCC_NO_COMMON_BLOCKS = YES;
				GCC_WARN_64_TO_32_BIT_CONVERSION = YES;
				GCC_WARN_ABOUT_RETURN_TYPE = YES_ERROR;
				GCC_WARN_UNDECLARED_SELECTOR = YES;
				GCC_WARN_UNINITIALIZED_AUTOS = YES_AGGRESSIVE;
				GCC_WARN_UNUSED_FUNCTION = YES;
				GCC_WARN_UNUSED_VARIABLE = YES;
				IPHONEOS_DEPLOYMENT_TARGET = 9.3;
				MTL_ENABLE_DEBUG_INFO = NO;
				SDKROOT = iphoneos;
				VALIDATE_PRODUCT = YES;
			};
			name = Release;
		};
		070954221D3CE0950057825C /* Debug */ = {
			isa = XCBuildConfiguration;
			buildSettings = {
				ASSETCATALOG_COMPILER_APPICON_NAME = AppIcon;
				INFOPLIST_FILE = test_pieGraph/Info.plist;
				LD_RUNPATH_SEARCH_PATHS = "$(inherited) @executable_path/Frameworks";
				PRODUCT_BUNDLE_IDENTIFIER = "com.ericoda.test-pieGraph";
				PRODUCT_NAME = "$(TARGET_NAME)";
			};
			name = Debug;
		};
		070954231D3CE0950057825C /* Release */ = {
			isa = XCBuildConfiguration;
			buildSettings = {
				ASSETCATALOG_COMPILER_APPICON_NAME = AppIcon;
				INFOPLIST_FILE = test_pieGraph/Info.plist;
				LD_RUNPATH_SEARCH_PATHS = "$(inherited) @executable_path/Frameworks";
				PRODUCT_BUNDLE_IDENTIFIER = "com.ericoda.test-pieGraph";
				PRODUCT_NAME = "$(TARGET_NAME)";
			};
			name = Release;
		};
/* End XCBuildConfiguration section */

/* Begin XCConfigurationList section */
		070954051D3CE0950057825C /* Build configuration list for PBXProject "test_pieGraph" */ = {
			isa = XCConfigurationList;
			buildConfigurations = (
				0709541F1D3CE0950057825C /* Debug */,
				070954201D3CE0950057825C /* Release */,
			);
			defaultConfigurationIsVisible = 0;
			defaultConfigurationName = Release;
		};
		070954211D3CE0950057825C /* Build configuration list for PBXNativeTarget "test_pieGraph" */ = {
			isa = XCConfigurationList;
			buildConfigurations = (
				070954221D3CE0950057825C /* Debug */,
				070954231D3CE0950057825C /* Release */,
			);
			defaultConfigurationIsVisible = 0;
			defaultConfigurationName = Release;
		};
/* End XCConfigurationList section */
	};
	rootObject = 070954021D3CE0950057825C /* Project object */;
}
