// !$*UTF8*$!
{
	archiveVersion = 1;
	classes = {
	};
	objectVersion = 46;
	objects = {

/* Begin PBXBuildFile section */
		07B2D70D1E09225100449DB5 /* test_staticLib.h in Headers */ = {isa = PBXBuildFile; fileRef = 07B2D70B1E09225100449DB5 /* test_staticLib.h */; settings = {ATTRIBUTES = (Public, ); }; };
		07B2D7151E09239F00449DB5 /* test.h in Headers */ = {isa = PBXBuildFile; fileRef = 07B2D7131E09239F00449DB5 /* test.h */; settings = {ATTRIBUTES = (Public, ); }; };
		07B2D7161E09239F00449DB5 /* test.m in Sources */ = {isa = PBXBuildFile; fileRef = 07B2D7141E09239F00449DB5 /* test.m */; };
		07B2D7191E0923E200449DB5 /* NSObject+tool.h in Headers */ = {isa = PBXBuildFile; fileRef = 07B2D7171E0923E200449DB5 /* NSObject+tool.h */; settings = {ATTRIBUTES = (Public, ); }; };
		07B2D71A1E0923E200449DB5 /* NSObject+tool.m in Sources */ = {isa = PBXBuildFile; fileRef = 07B2D7181E0923E200449DB5 /* NSObject+tool.m */; };
/* End PBXBuildFile section */

/* Begin PBXFileReference section */
		07B2D7081E09225100449DB5 /* test_staticLib.framework */ = {isa = PBXFileReference; explicitFileType = wrapper.framework; includeInIndex = 0; path = test_staticLib.framework; sourceTree = BUILT_PRODUCTS_DIR; };
		07B2D70B1E09225100449DB5 /* test_staticLib.h */ = {isa = PBXFileReference; lastKnownFileType = sourcecode.c.h; path = test_staticLib.h; sourceTree = "<group>"; };
		07B2D70C1E09225100449DB5 /* Info.plist */ = {isa = PBXFileReference; lastKnownFileType = text.plist.xml; path = Info.plist; sourceTree = "<group>"; };
		07B2D7131E09239F00449DB5 /* test.h */ = {isa = PBXFileReference; fileEncoding = 4; lastKnownFileType = sourcecode.c.h; path = test.h; sourceTree = "<group>"; };
		07B2D7141E09239F00449DB5 /* test.m */ = {isa = PBXFileReference; fileEncoding = 4; lastKnownFileType = sourcecode.c.objc; path = test.m; sourceTree = "<group>"; };
		07B2D7171E0923E200449DB5 /* NSObject+tool.h */ = {isa = PBXFileReference; fileEncoding = 4; lastKnownFileType = sourcecode.c.h; path = "NSObject+tool.h"; sourceTree = "<group>"; };
		07B2D7181E0923E200449DB5 /* NSObject+tool.m */ = {isa = PBXFileReference; fileEncoding = 4; lastKnownFileType = sourcecode.c.objc; path = "NSObject+tool.m"; sourceTree = "<group>"; };
/* End PBXFileReference section */

/* Begin PBXFrameworksBuildPhase section */
		07B2D7041E09225100449DB5 /* Frameworks */ = {
			isa = PBXFrameworksBuildPhase;
			buildActionMask = 2147483647;
			files = (
			);
			runOnlyForDeploymentPostprocessing = 0;
		};
/* End PBXFrameworksBuildPhase section */

/* Begin PBXGroup section */
		07B2D6FE1E09225100449DB5 = {
			isa = PBXGroup;
			children = (
				07B2D70A1E09225100449DB5 /* test_staticLib */,
				07B2D7091E09225100449DB5 /* Products */,
			);
			sourceTree = "<group>";
		};
		07B2D7091E09225100449DB5 /* Products */ = {
			isa = PBXGroup;
			children = (
				07B2D7081E09225100449DB5 /* test_staticLib.framework */,
			);
			name = Products;
			sourceTree = "<group>";
		};
		07B2D70A1E09225100449DB5 /* test_staticLib */ = {
			isa = PBXGroup;
			children = (
				07B2D70B1E09225100449DB5 /* test_staticLib.h */,
				07B2D7131E09239F00449DB5 /* test.h */,
				07B2D7141E09239F00449DB5 /* test.m */,
				07B2D7171E0923E200449DB5 /* NSObject+tool.h */,
				07B2D7181E0923E200449DB5 /* NSObject+tool.m */,
				07B2D70C1E09225100449DB5 /* Info.plist */,
			);
			path = test_staticLib;
			sourceTree = "<group>";
		};
/* End PBXGroup section */

/* Begin PBXHeadersBuildPhase section */
		07B2D7051E09225100449DB5 /* Headers */ = {
			isa = PBXHeadersBuildPhase;
			buildActionMask = 2147483647;
			files = (
				07B2D7151E09239F00449DB5 /* test.h in Headers */,
				07B2D7191E0923E200449DB5 /* NSObject+tool.h in Headers */,
				07B2D70D1E09225100449DB5 /* test_staticLib.h in Headers */,
			);
			runOnlyForDeploymentPostprocessing = 0;
		};
/* End PBXHeadersBuildPhase section */

/* Begin PBXNativeTarget section */
		07B2D7071E09225100449DB5 /* test_staticLib */ = {
			isa = PBXNativeTarget;
			buildConfigurationList = 07B2D7101E09225100449DB5 /* Build configuration list for PBXNativeTarget "test_staticLib" */;
			buildPhases = (
				07B2D7031E09225100449DB5 /* Sources */,
				07B2D7041E09225100449DB5 /* Frameworks */,
				07B2D7051E09225100449DB5 /* Headers */,
				07B2D7061E09225100449DB5 /* Resources */,
			);
			buildRules = (
			);
			dependencies = (
			);
			name = test_staticLib;
			productName = test_staticLib;
			productReference = 07B2D7081E09225100449DB5 /* test_staticLib.framework */;
			productType = "com.apple.product-type.framework";
		};
/* End PBXNativeTarget section */

/* Begin PBXProject section */
		07B2D6FF1E09225100449DB5 /* Project object */ = {
			isa = PBXProject;
			attributes = {
				LastUpgradeCheck = 0810;
				ORGANIZATIONNAME = Eric;
				TargetAttributes = {
					07B2D7071E09225100449DB5 = {
						CreatedOnToolsVersion = 8.1;
						ProvisioningStyle = Automatic;
					};
				};
			};
			buildConfigurationList = 07B2D7021E09225100449DB5 /* Build configuration list for PBXProject "test_staticLib" */;
			compatibilityVersion = "Xcode 3.2";
			developmentRegion = English;
			hasScannedForEncodings = 0;
			knownRegions = (
				en,
			);
			mainGroup = 07B2D6FE1E09225100449DB5;
			productRefGroup = 07B2D7091E09225100449DB5 /* Products */;
			projectDirPath = "";
			projectRoot = "";
			targets = (
				07B2D7071E09225100449DB5 /* test_staticLib */,
			);
		};
/* End PBXProject section */

/* Begin PBXResourcesBuildPhase section */
		07B2D7061E09225100449DB5 /* Resources */ = {
			isa = PBXResourcesBuildPhase;
			buildActionMask = 2147483647;
			files = (
			);
			runOnlyForDeploymentPostprocessing = 0;
		};
/* End PBXResourcesBuildPhase section */

/* Begin PBXSourcesBuildPhase section */
		07B2D7031E09225100449DB5 /* Sources */ = {
			isa = PBXSourcesBuildPhase;
			buildActionMask = 2147483647;
			files = (
				07B2D7161E09239F00449DB5 /* test.m in Sources */,
				07B2D71A1E0923E200449DB5 /* NSObject+tool.m in Sources */,
			);
			runOnlyForDeploymentPostprocessing = 0;
		};
/* End PBXSourcesBuildPhase section */

/* Begin XCBuildConfiguration section */
		07B2D70E1E09225100449DB5 /* Debug */ = {
			isa = XCBuildConfiguration;
			buildSettings = {
				ALWAYS_SEARCH_USER_PATHS = NO;
				CLANG_ANALYZER_NONNULL = YES;
				CLANG_CXX_LANGUAGE_STANDARD = "gnu++0x";
				CLANG_CXX_LIBRARY = "libc++";
				CLANG_ENABLE_MODULES = YES;
				CLANG_ENABLE_OBJC_ARC = YES;
				CLANG_WARN_BOOL_CONVERSION = YES;
				CLANG_WARN_CONSTANT_CONVERSION = YES;
				CLANG_WARN_DIRECT_OBJC_ISA_USAGE = YES_ERROR;
				CLANG_WARN_DOCUMENTATION_COMMENTS = YES;
				CLANG_WARN_EMPTY_BODY = YES;
				CLANG_WARN_ENUM_CONVERSION = YES;
				CLANG_WARN_INFINITE_RECURSION = YES;
				CLANG_WARN_INT_CONVERSION = YES;
				CLANG_WARN_OBJC_ROOT_CLASS = YES_ERROR;
				CLANG_WARN_SUSPICIOUS_MOVES = YES;
				CLANG_WARN_UNREACHABLE_CODE = YES;
				CLANG_WARN__DUPLICATE_METHOD_MATCH = YES;
				"CODE_SIGN_IDENTITY[sdk=iphoneos*]" = "iPhone Developer";
				COPY_PHASE_STRIP = NO;
				CURRENT_PROJECT_VERSION = 1;
				DEBUG_INFORMATION_FORMAT = dwarf;
				ENABLE_STRICT_OBJC_MSGSEND = YES;
				ENABLE_TESTABILITY = YES;
				GCC_C_LANGUAGE_STANDARD = gnu99;
				GCC_DYNAMIC_NO_PIC = NO;
				GCC_NO_COMMON_BLOCKS = YES;
				GCC_OPTIMIZATION_LEVEL = 0;
				GCC_PREPROCESSOR_DEFINITIONS = (
					"DEBUG=1",
					"$(inherited)",
				);
				GCC_WARN_64_TO_32_BIT_CONVERSION = YES;
				GCC_WARN_ABOUT_RETURN_TYPE = YES_ERROR;
				GCC_WARN_UNDECLARED_SELECTOR = YES;
				GCC_WARN_UNINITIALIZED_AUTOS = YES_AGGRESSIVE;
				GCC_WARN_UNUSED_FUNCTION = YES;
				GCC_WARN_UNUSED_VARIABLE = YES;
				IPHONEOS_DEPLOYMENT_TARGET = 10.1;
				MTL_ENABLE_DEBUG_INFO = YES;
				ONLY_ACTIVE_ARCH = YES;
				SDKROOT = iphoneos;
				TARGETED_DEVICE_FAMILY = "1,2";
				VERSIONING_SYSTEM = "apple-generic";
				VERSION_INFO_PREFIX = "";
			};
			name = Debug;
		};
		07B2D70F1E09225100449DB5 /* Release */ = {
			isa = XCBuildConfiguration;
			buildSettings = {
				ALWAYS_SEARCH_USER_PATHS = NO;
				CLANG_ANALYZER_NONNULL = YES;
				CLANG_CXX_LANGUAGE_STANDARD = "gnu++0x";
				CLANG_CXX_LIBRARY = "libc++";
				CLANG_ENABLE_MODULES = YES;
				CLANG_ENABLE_OBJC_ARC = YES;
				CLANG_WARN_BOOL_CONVERSION = YES;
				CLANG_WARN_CONSTANT_CONVERSION = YES;
				CLANG_WARN_DIRECT_OBJC_ISA_USAGE = YES_ERROR;
				CLANG_WARN_DOCUMENTATION_COMMENTS = YES;
				CLANG_WARN_EMPTY_BODY = YES;
				CLANG_WARN_ENUM_CONVERSION = YES;
				CLANG_WARN_INFINITE_RECURSION = YES;
				CLANG_WARN_INT_CONVERSION = YES;
				CLANG_WARN_OBJC_ROOT_CLASS = YES_ERROR;
				CLANG_WARN_SUSPICIOUS_MOVES = YES;
				CLANG_WARN_UNREACHABLE_CODE = YES;
				CLANG_WARN__DUPLICATE_METHOD_MATCH = YES;
				"CODE_SIGN_IDENTITY[sdk=iphoneos*]" = "iPhone Developer";
				COPY_PHASE_STRIP = NO;
				CURRENT_PROJECT_VERSION = 1;
				DEBUG_INFORMATION_FORMAT = "dwarf-with-dsym";
				ENABLE_NS_ASSERTIONS = NO;
				ENABLE_STRICT_OBJC_MSGSEND = YES;
				GCC_C_LANGUAGE_STANDARD = gnu99;
				GCC_NO_COMMON_BLOCKS = YES;
				GCC_WARN_64_TO_32_BIT_CONVERSION = YES;
				GCC_WARN_ABOUT_RETURN_TYPE = YES_ERROR;
				GCC_WARN_UNDECLARED_SELECTOR = YES;
				GCC_WARN_UNINITIALIZED_AUTOS = YES_AGGRESSIVE;
				GCC_WARN_UNUSED_FUNCTION = YES;
				GCC_WARN_UNUSED_VARIABLE = YES;
				IPHONEOS_DEPLOYMENT_TARGET = 10.1;
				MTL_ENABLE_DEBUG_INFO = NO;
				SDKROOT = iphoneos;
				TARGETED_DEVICE_FAMILY = "1,2";
				VALIDATE_PRODUCT = YES;
				VERSIONING_SYSTEM = "apple-generic";
				VERSION_INFO_PREFIX = "";
			};
			name = Release;
		};
		07B2D7111E09225100449DB5 /* Debug */ = {
			isa = XCBuildConfiguration;
			buildSettings = {
				CODE_SIGN_IDENTITY = "";
				DEFINES_MODULE = YES;
				DYLIB_COMPATIBILITY_VERSION = 1;
				DYLIB_CURRENT_VERSION = 1;
				DYLIB_INSTALL_NAME_BASE = "@rpath";
				INFOPLIST_FILE = test_staticLib/Info.plist;
				INSTALL_PATH = "$(LOCAL_LIBRARY_DIR)/Frameworks";
				IPHONEOS_DEPLOYMENT_TARGET = 8.0;
				LD_RUNPATH_SEARCH_PATHS = "$(inherited) @executable_path/Frameworks @loader_path/Frameworks";
				MACH_O_TYPE = staticlib;
				PRODUCT_BUNDLE_IDENTIFIER = "Eric.test-staticLib";
				PRODUCT_NAME = "$(TARGET_NAME)";
				SKIP_INSTALL = YES;
			};
			name = Debug;
		};
		07B2D7121E09225100449DB5 /* Release */ = {
			isa = XCBuildConfiguration;
			buildSettings = {
				CODE_SIGN_IDENTITY = "";
				DEFINES_MODULE = YES;
				DYLIB_COMPATIBILITY_VERSION = 1;
				DYLIB_CURRENT_VERSION = 1;
				DYLIB_INSTALL_NAME_BASE = "@rpath";
				INFOPLIST_FILE = test_staticLib/Info.plist;
				INSTALL_PATH = "$(LOCAL_LIBRARY_DIR)/Frameworks";
				IPHONEOS_DEPLOYMENT_TARGET = 8.0;
				LD_RUNPATH_SEARCH_PATHS = "$(inherited) @executable_path/Frameworks @loader_path/Frameworks";
				MACH_O_TYPE = staticlib;
				PRODUCT_BUNDLE_IDENTIFIER = "Eric.test-staticLib";
				PRODUCT_NAME = "$(TARGET_NAME)";
				SKIP_INSTALL = YES;
			};
			name = Release;
		};
/* End XCBuildConfiguration section */

/* Begin XCConfigurationList section */
		07B2D7021E09225100449DB5 /* Build configuration list for PBXProject "test_staticLib" */ = {
			isa = XCConfigurationList;
			buildConfigurations = (
				07B2D70E1E09225100449DB5 /* Debug */,
				07B2D70F1E09225100449DB5 /* Release */,
			);
			defaultConfigurationIsVisible = 0;
			defaultConfigurationName = Release;
		};
		07B2D7101E09225100449DB5 /* Build configuration list for PBXNativeTarget "test_staticLib" */ = {
			isa = XCConfigurationList;
			buildConfigurations = (
				07B2D7111E09225100449DB5 /* Debug */,
				07B2D7121E09225100449DB5 /* Release */,
			);
			defaultConfigurationIsVisible = 0;
			defaultConfigurationName = Release;
		};
/* End XCConfigurationList section */
	};
	rootObject = 07B2D6FF1E09225100449DB5 /* Project object */;
}
